
Microsoft Visual Studio Solution File, Format Version 12.00
# Visual Studio Version 17
VisualStudioVersion = 17.9.34728.123
MinimumVisualStudioVersion = 10.0.40219.1
Project("{FAE04EC0-301F-11D3-BF4B-00C04F79EFBC}") = "Shared", "Shared\Shared.csproj", "{6E48C923-4F3C-4AE5-8F5B-688765335066}"
EndProject
Project("{9A19103F-16F7-4668-BE54-9A1E7A4F7556}") = "Product.Application", "Product.Application\Product.Application.csproj", "{E338A7E5-5815-48BA-9454-1D3350B94BF6}"
EndProject
Project("{9A19103F-16F7-4668-BE54-9A1E7A4F7556}") = "Product.Event.Handler.Service", "Product.Event.Handler.Service\Product.Event.Handler.Service.csproj", "{9E889C1D-F10B-4C37-988F-10CFE3EE14A0}"
EndProject
Global
	GlobalSection(SolutionConfigurationPlatforms) = preSolution
		Debug|Any CPU = Debug|Any CPU
		Release|Any CPU = Release|Any CPU
	EndGlobalSection
	GlobalSection(ProjectConfigurationPlatforms) = postSolution
		{6E48C923-4F3C-4AE5-8F5B-688765335066}.Debug|Any CPU.ActiveCfg = Debug|Any CPU
		{6E48C923-4F3C-4AE5-8F5B-688765335066}.Debug|Any CPU.Build.0 = Debug|Any CPU
		{6E48C923-4F3C-4AE5-8F5B-688765335066}.Release|Any CPU.ActiveCfg = Release|Any CPU
		{6E48C923-4F3C-4AE5-8F5B-688765335066}.Release|Any CPU.Build.0 = Release|Any CPU
		{E338A7E5-5815-48BA-9454-1D3350B94BF6}.Debug|Any CPU.ActiveCfg = Debug|Any CPU
		{E338A7E5-5815-48BA-9454-1D3350B94BF6}.Debug|Any CPU.Build.0 = Debug|Any CPU
		{E338A7E5-5815-48BA-9454-1D3350B94BF6}.Release|Any CPU.ActiveCfg = Release|Any CPU
		{E338A7E5-5815-48BA-9454-1D3350B94BF6}.Release|Any CPU.Build.0 = Release|Any CPU
		{9E889C1D-F10B-4C37-988F-10CFE3EE14A0}.Debug|Any CPU.ActiveCfg = Debug|Any CPU
		{9E889C1D-F10B-4C37-988F-10CFE3EE14A0}.Debug|Any CPU.Build.0 = Debug|Any CPU
		{9E889C1D-F10B-4C37-988F-10CFE3EE14A0}.Release|Any CPU.ActiveCfg = Release|Any CPU
		{9E889C1D-F10B-4C37-988F-10CFE3EE14A0}.Release|Any CPU.Build.0 = Release|Any CPU
	EndGlobalSection
	GlobalSection(SolutionProperties) = preSolution
		HideSolutionNode = FALSE
	EndGlobalSection
	GlobalSection(ExtensibilityGlobals) = postSolution
		SolutionGuid = {C88C34AD-9780-4303-A541-F97222CD91B9}
	EndGlobalSection
EndGlobal
